# THIS IS AN AUTOGENERATED FILE. DO NOT EDIT THIS FILE DIRECTLY.
# yarn lockfile v1


react-webcam@^7.0.1:
  version "7.0.1"
  resolved "https://registry.yarnpkg.com/react-webcam/-/react-webcam-7.0.1.tgz#8249e1d621eb4bba7e3f52135f562439d0528df3"
  integrity sha512-8E/Eb/7ksKwn5QdLn67tOR7+TdP9BZdu6E5/DSt20v8yfW/s0VGBigE6VA7R4278mBuBUowovAB3DkCfVmSPvA==
